
Microsoft Visual Studio Solution File, Format Version 12.00
# Visual Studio Version 17
VisualStudioVersion = 17.0.31903.59
MinimumVisualStudioVersion = 10.0.40219.1
Project("{2150E333-8FDC-42A3-9474-1A3956D46DE8}") = "backend", "backend", "{1AE8ACA6-933B-BF2A-3671-3E2EAC007D16}"
EndProject
Project("{FAE04EC0-301F-11D3-BF4B-00C04F79EFBC}") = "Wedding.Domain", "backend\Wedding.Domain\Wedding.Domain.csproj", "{FE6B617F-18E0-4894-BD06-4109AA7CD897}"
EndProject
Project("{FAE04EC0-301F-11D3-BF4B-00C04F79EFBC}") = "Wedding.Application", "backend\Wedding.Application\Wedding.Application.csproj", "{43078165-7298-4508-97F9-F994F1DC671A}"
EndProject
Project("{FAE04EC0-301F-11D3-BF4B-00C04F79EFBC}") = "Wedding.API", "backend\Wedding.API\Wedding.API.csproj", "{F7E90736-51D7-490A-8AB4-C61C0D853A6A}"
EndProject
Project("{FAE04EC0-301F-11D3-BF4B-00C04F79EFBC}") = "Wedding.Infrastructure.Data", "backend\Wedding.Infrastructure.Data\Wedding.Infrastructure.Data.csproj", "{36CDD7BA-C119-4CE4-95B6-CD7D67AD5596}"
EndProject
Project("{FAE04EC0-301F-11D3-BF4B-00C04F79EFBC}") = "Wedding.Infrastructure.Repositories", "backend\Wedding.Infrastructure.Repositories\Wedding.Infrastructure.Repositories.csproj", "{02F05BF6-2768-4E2F-8E8C-8A5AB94C833F}"
EndProject
Project("{2150E333-8FDC-42A3-9474-1A3956D46DE8}") = "Tests", "Tests", "{F57642F3-C37C-D174-720E-6A6AAD5BEE22}"
EndProject
Project("{FAE04EC0-301F-11D3-BF4B-00C04F79EFBC}") = "Wedding.Domain.Tests", "backend\Tests\Wedding.Domain.Tests\Wedding.Domain.Tests.csproj", "{870357D8-6E2A-47AA-8A84-4DE7E7A19562}"
EndProject
Project("{FAE04EC0-301F-11D3-BF4B-00C04F79EFBC}") = "Wedding.Application.Tests", "backend\Tests\Wedding.Application.Tests\Wedding.Application.Tests.csproj", "{97FB4F09-4BCD-45D9-A1B9-E5CCF251117B}"
EndProject
Global
	GlobalSection(SolutionConfigurationPlatforms) = preSolution
		Debug|Any CPU = Debug|Any CPU
		Debug|x64 = Debug|x64
		Debug|x86 = Debug|x86
		Release|Any CPU = Release|Any CPU
		Release|x64 = Release|x64
		Release|x86 = Release|x86
	EndGlobalSection
	GlobalSection(ProjectConfigurationPlatforms) = postSolution
		{FE6B617F-18E0-4894-BD06-4109AA7CD897}.Debug|Any CPU.ActiveCfg = Debug|Any CPU
		{FE6B617F-18E0-4894-BD06-4109AA7CD897}.Debug|Any CPU.Build.0 = Debug|Any CPU
		{FE6B617F-18E0-4894-BD06-4109AA7CD897}.Debug|x64.ActiveCfg = Debug|Any CPU
		{FE6B617F-18E0-4894-BD06-4109AA7CD897}.Debug|x64.Build.0 = Debug|Any CPU
		{FE6B617F-18E0-4894-BD06-4109AA7CD897}.Debug|x86.ActiveCfg = Debug|Any CPU
		{FE6B617F-18E0-4894-BD06-4109AA7CD897}.Debug|x86.Build.0 = Debug|Any CPU
		{FE6B617F-18E0-4894-BD06-4109AA7CD897}.Release|Any CPU.ActiveCfg = Release|Any CPU
		{FE6B617F-18E0-4894-BD06-4109AA7CD897}.Release|Any CPU.Build.0 = Release|Any CPU
		{FE6B617F-18E0-4894-BD06-4109AA7CD897}.Release|x64.ActiveCfg = Release|Any CPU
		{FE6B617F-18E0-4894-BD06-4109AA7CD897}.Release|x64.Build.0 = Release|Any CPU
		{FE6B617F-18E0-4894-BD06-4109AA7CD897}.Release|x86.ActiveCfg = Release|Any CPU
		{FE6B617F-18E0-4894-BD06-4109AA7CD897}.Release|x86.Build.0 = Release|Any CPU
		{43078165-7298-4508-97F9-F994F1DC671A}.Debug|Any CPU.ActiveCfg = Debug|Any CPU
		{43078165-7298-4508-97F9-F994F1DC671A}.Debug|Any CPU.Build.0 = Debug|Any CPU
		{43078165-7298-4508-97F9-F994F1DC671A}.Debug|x64.ActiveCfg = Debug|Any CPU
		{43078165-7298-4508-97F9-F994F1DC671A}.Debug|x64.Build.0 = Debug|Any CPU
		{43078165-7298-4508-97F9-F994F1DC671A}.Debug|x86.ActiveCfg = Debug|Any CPU
		{43078165-7298-4508-97F9-F994F1DC671A}.Debug|x86.Build.0 = Debug|Any CPU
		{43078165-7298-4508-97F9-F994F1DC671A}.Release|Any CPU.ActiveCfg = Release|Any CPU
		{43078165-7298-4508-97F9-F994F1DC671A}.Release|Any CPU.Build.0 = Release|Any CPU
		{43078165-7298-4508-97F9-F994F1DC671A}.Release|x64.ActiveCfg = Release|Any CPU
		{43078165-7298-4508-97F9-F994F1DC671A}.Release|x64.Build.0 = Release|Any CPU
		{43078165-7298-4508-97F9-F994F1DC671A}.Release|x86.ActiveCfg = Release|Any CPU
		{43078165-7298-4508-97F9-F994F1DC671A}.Release|x86.Build.0 = Release|Any CPU
		{F7E90736-51D7-490A-8AB4-C61C0D853A6A}.Debug|Any CPU.ActiveCfg = Debug|Any CPU
		{F7E90736-51D7-490A-8AB4-C61C0D853A6A}.Debug|Any CPU.Build.0 = Debug|Any CPU
		{F7E90736-51D7-490A-8AB4-C61C0D853A6A}.Debug|x64.ActiveCfg = Debug|Any CPU
		{F7E90736-51D7-490A-8AB4-C61C0D853A6A}.Debug|x64.Build.0 = Debug|Any CPU
		{F7E90736-51D7-490A-8AB4-C61C0D853A6A}.Debug|x86.ActiveCfg = Debug|Any CPU
		{F7E90736-51D7-490A-8AB4-C61C0D853A6A}.Debug|x86.Build.0 = Debug|Any CPU
		{F7E90736-51D7-490A-8AB4-C61C0D853A6A}.Release|Any CPU.ActiveCfg = Release|Any CPU
		{F7E90736-51D7-490A-8AB4-C61C0D853A6A}.Release|Any CPU.Build.0 = Release|Any CPU
		{F7E90736-51D7-490A-8AB4-C61C0D853A6A}.Release|x64.ActiveCfg = Release|Any CPU
		{F7E90736-51D7-490A-8AB4-C61C0D853A6A}.Release|x64.Build.0 = Release|Any CPU
		{F7E90736-51D7-490A-8AB4-C61C0D853A6A}.Release|x86.ActiveCfg = Release|Any CPU
		{F7E90736-51D7-490A-8AB4-C61C0D853A6A}.Release|x86.Build.0 = Release|Any CPU
		{36CDD7BA-C119-4CE4-95B6-CD7D67AD5596}.Debug|Any CPU.ActiveCfg = Debug|Any CPU
		{36CDD7BA-C119-4CE4-95B6-CD7D67AD5596}.Debug|Any CPU.Build.0 = Debug|Any CPU
		{36CDD7BA-C119-4CE4-95B6-CD7D67AD5596}.Debug|x64.ActiveCfg = Debug|Any CPU
		{36CDD7BA-C119-4CE4-95B6-CD7D67AD5596}.Debug|x64.Build.0 = Debug|Any CPU
		{36CDD7BA-C119-4CE4-95B6-CD7D67AD5596}.Debug|x86.ActiveCfg = Debug|Any CPU
		{36CDD7BA-C119-4CE4-95B6-CD7D67AD5596}.Debug|x86.Build.0 = Debug|Any CPU
		{36CDD7BA-C119-4CE4-95B6-CD7D67AD5596}.Release|Any CPU.ActiveCfg = Release|Any CPU
		{36CDD7BA-C119-4CE4-95B6-CD7D67AD5596}.Release|Any CPU.Build.0 = Release|Any CPU
		{36CDD7BA-C119-4CE4-95B6-CD7D67AD5596}.Release|x64.ActiveCfg = Release|Any CPU
		{36CDD7BA-C119-4CE4-95B6-CD7D67AD5596}.Release|x64.Build.0 = Release|Any CPU
		{36CDD7BA-C119-4CE4-95B6-CD7D67AD5596}.Release|x86.ActiveCfg = Release|Any CPU
		{36CDD7BA-C119-4CE4-95B6-CD7D67AD5596}.Release|x86.Build.0 = Release|Any CPU
		{02F05BF6-2768-4E2F-8E8C-8A5AB94C833F}.Debug|Any CPU.ActiveCfg = Debug|Any CPU
		{02F05BF6-2768-4E2F-8E8C-8A5AB94C833F}.Debug|Any CPU.Build.0 = Debug|Any CPU
		{02F05BF6-2768-4E2F-8E8C-8A5AB94C833F}.Debug|x64.ActiveCfg = Debug|Any CPU
		{02F05BF6-2768-4E2F-8E8C-8A5AB94C833F}.Debug|x64.Build.0 = Debug|Any CPU
		{02F05BF6-2768-4E2F-8E8C-8A5AB94C833F}.Debug|x86.ActiveCfg = Debug|Any CPU
		{02F05BF6-2768-4E2F-8E8C-8A5AB94C833F}.Debug|x86.Build.0 = Debug|Any CPU
		{02F05BF6-2768-4E2F-8E8C-8A5AB94C833F}.Release|Any CPU.ActiveCfg = Release|Any CPU
		{02F05BF6-2768-4E2F-8E8C-8A5AB94C833F}.Release|Any CPU.Build.0 = Release|Any CPU
		{02F05BF6-2768-4E2F-8E8C-8A5AB94C833F}.Release|x64.ActiveCfg = Release|Any CPU
		{02F05BF6-2768-4E2F-8E8C-8A5AB94C833F}.Release|x64.Build.0 = Release|Any CPU
		{02F05BF6-2768-4E2F-8E8C-8A5AB94C833F}.Release|x86.ActiveCfg = Release|Any CPU
		{02F05BF6-2768-4E2F-8E8C-8A5AB94C833F}.Release|x86.Build.0 = Release|Any CPU
		{870357D8-6E2A-47AA-8A84-4DE7E7A19562}.Debug|Any CPU.ActiveCfg = Debug|Any CPU
		{870357D8-6E2A-47AA-8A84-4DE7E7A19562}.Debug|Any CPU.Build.0 = Debug|Any CPU
		{870357D8-6E2A-47AA-8A84-4DE7E7A19562}.Debug|x64.ActiveCfg = Debug|Any CPU
		{870357D8-6E2A-47AA-8A84-4DE7E7A19562}.Debug|x64.Build.0 = Debug|Any CPU
		{870357D8-6E2A-47AA-8A84-4DE7E7A19562}.Debug|x86.ActiveCfg = Debug|Any CPU
		{870357D8-6E2A-47AA-8A84-4DE7E7A19562}.Debug|x86.Build.0 = Debug|Any CPU
		{870357D8-6E2A-47AA-8A84-4DE7E7A19562}.Release|Any CPU.ActiveCfg = Release|Any CPU
		{870357D8-6E2A-47AA-8A84-4DE7E7A19562}.Release|Any CPU.Build.0 = Release|Any CPU
		{870357D8-6E2A-47AA-8A84-4DE7E7A19562}.Release|x64.ActiveCfg = Release|Any CPU
		{870357D8-6E2A-47AA-8A84-4DE7E7A19562}.Release|x64.Build.0 = Release|Any CPU
		{870357D8-6E2A-47AA-8A84-4DE7E7A19562}.Release|x86.ActiveCfg = Release|Any CPU
		{870357D8-6E2A-47AA-8A84-4DE7E7A19562}.Release|x86.Build.0 = Release|Any CPU
		{97FB4F09-4BCD-45D9-A1B9-E5CCF251117B}.Debug|Any CPU.ActiveCfg = Debug|Any CPU
		{97FB4F09-4BCD-45D9-A1B9-E5CCF251117B}.Debug|Any CPU.Build.0 = Debug|Any CPU
		{97FB4F09-4BCD-45D9-A1B9-E5CCF251117B}.Debug|x64.ActiveCfg = Debug|Any CPU
		{97FB4F09-4BCD-45D9-A1B9-E5CCF251117B}.Debug|x64.Build.0 = Debug|Any CPU
		{97FB4F09-4BCD-45D9-A1B9-E5CCF251117B}.Debug|x86.ActiveCfg = Debug|Any CPU
		{97FB4F09-4BCD-45D9-A1B9-E5CCF251117B}.Debug|x86.Build.0 = Debug|Any CPU
		{97FB4F09-4BCD-45D9-A1B9-E5CCF251117B}.Release|Any CPU.ActiveCfg = Release|Any CPU
		{97FB4F09-4BCD-45D9-A1B9-E5CCF251117B}.Release|Any CPU.Build.0 = Release|Any CPU
		{97FB4F09-4BCD-45D9-A1B9-E5CCF251117B}.Release|x64.ActiveCfg = Release|Any CPU
		{97FB4F09-4BCD-45D9-A1B9-E5CCF251117B}.Release|x64.Build.0 = Release|Any CPU
		{97FB4F09-4BCD-45D9-A1B9-E5CCF251117B}.Release|x86.ActiveCfg = Release|Any CPU
		{97FB4F09-4BCD-45D9-A1B9-E5CCF251117B}.Release|x86.Build.0 = Release|Any CPU
	EndGlobalSection
	GlobalSection(SolutionProperties) = preSolution
		HideSolutionNode = FALSE
	EndGlobalSection
	GlobalSection(NestedProjects) = preSolution
		{FE6B617F-18E0-4894-BD06-4109AA7CD897} = {1AE8ACA6-933B-BF2A-3671-3E2EAC007D16}
		{43078165-7298-4508-97F9-F994F1DC671A} = {1AE8ACA6-933B-BF2A-3671-3E2EAC007D16}
		{F7E90736-51D7-490A-8AB4-C61C0D853A6A} = {1AE8ACA6-933B-BF2A-3671-3E2EAC007D16}
		{36CDD7BA-C119-4CE4-95B6-CD7D67AD5596} = {1AE8ACA6-933B-BF2A-3671-3E2EAC007D16}
		{02F05BF6-2768-4E2F-8E8C-8A5AB94C833F} = {1AE8ACA6-933B-BF2A-3671-3E2EAC007D16}
		{F57642F3-C37C-D174-720E-6A6AAD5BEE22} = {1AE8ACA6-933B-BF2A-3671-3E2EAC007D16}
		{870357D8-6E2A-47AA-8A84-4DE7E7A19562} = {F57642F3-C37C-D174-720E-6A6AAD5BEE22}
		{97FB4F09-4BCD-45D9-A1B9-E5CCF251117B} = {F57642F3-C37C-D174-720E-6A6AAD5BEE22}
	EndGlobalSection
EndGlobal
